
Microsoft Visual Studio Solution File, Format Version 12.00
# Visual Studio 15
VisualStudioVersion = 15.0.27428.2043
MinimumVisualStudioVersion = 10.0.40219.1
Project("{FAE04EC0-301F-11D3-BF4B-00C04F79EFBC}") = "FactoryTest", "FactoryTest\FactoryTest.csproj", "{5B875B37-42E9-4529-A6D8-AD3212467FD3}"
EndProject
Project("{FAE04EC0-301F-11D3-BF4B-00C04F79EFBC}") = "DependencyInjectionTest", "DependencyInjectionTest\DependencyInjectionTest.csproj", "{56FC281A-DA15-441D-9FB4-DF656DE54578}"
EndProject
Project("{FAE04EC0-301F-11D3-BF4B-00C04F79EFBC}") = "EvilFizzBizz", "EvilFizzBizz\EvilFizzBizz.csproj", "{EA7F49AF-9864-4A3D-A73B-2AD7B0E11E8C}"
EndProject
Project("{FAE04EC0-301F-11D3-BF4B-00C04F79EFBC}") = "VisitorTest", "VisitorTest\VisitorTest.csproj", "{A0F8FB11-D463-48D9-B73A-20857FB10DF7}"
EndProject
Project("{FAE04EC0-301F-11D3-BF4B-00C04F79EFBC}") = "AdapterTest", "AdapterTest\AdapterTest.csproj", "{158CFBE6-4ACF-41AD-BD1D-923DD696FA2D}"
EndProject
Project("{FAE04EC0-301F-11D3-BF4B-00C04F79EFBC}") = "StrategyTest", "StrategyTest\StrategyTest.csproj", "{9326F23F-545F-4406-B744-BEB887DFB747}"
EndProject
Global
	GlobalSection(SolutionConfigurationPlatforms) = preSolution
		Debug|Any CPU = Debug|Any CPU
		Release|Any CPU = Release|Any CPU
	EndGlobalSection
	GlobalSection(ProjectConfigurationPlatforms) = postSolution
		{5B875B37-42E9-4529-A6D8-AD3212467FD3}.Debug|Any CPU.ActiveCfg = Debug|Any CPU
		{5B875B37-42E9-4529-A6D8-AD3212467FD3}.Debug|Any CPU.Build.0 = Debug|Any CPU
		{5B875B37-42E9-4529-A6D8-AD3212467FD3}.Release|Any CPU.ActiveCfg = Release|Any CPU
		{5B875B37-42E9-4529-A6D8-AD3212467FD3}.Release|Any CPU.Build.0 = Release|Any CPU
		{56FC281A-DA15-441D-9FB4-DF656DE54578}.Debug|Any CPU.ActiveCfg = Debug|Any CPU
		{56FC281A-DA15-441D-9FB4-DF656DE54578}.Debug|Any CPU.Build.0 = Debug|Any CPU
		{56FC281A-DA15-441D-9FB4-DF656DE54578}.Release|Any CPU.ActiveCfg = Release|Any CPU
		{56FC281A-DA15-441D-9FB4-DF656DE54578}.Release|Any CPU.Build.0 = Release|Any CPU
		{EA7F49AF-9864-4A3D-A73B-2AD7B0E11E8C}.Debug|Any CPU.ActiveCfg = Debug|Any CPU
		{EA7F49AF-9864-4A3D-A73B-2AD7B0E11E8C}.Debug|Any CPU.Build.0 = Debug|Any CPU
		{EA7F49AF-9864-4A3D-A73B-2AD7B0E11E8C}.Release|Any CPU.ActiveCfg = Release|Any CPU
		{EA7F49AF-9864-4A3D-A73B-2AD7B0E11E8C}.Release|Any CPU.Build.0 = Release|Any CPU
		{A0F8FB11-D463-48D9-B73A-20857FB10DF7}.Debug|Any CPU.ActiveCfg = Debug|Any CPU
		{A0F8FB11-D463-48D9-B73A-20857FB10DF7}.Debug|Any CPU.Build.0 = Debug|Any CPU
		{A0F8FB11-D463-48D9-B73A-20857FB10DF7}.Release|Any CPU.ActiveCfg = Release|Any CPU
		{A0F8FB11-D463-48D9-B73A-20857FB10DF7}.Release|Any CPU.Build.0 = Release|Any CPU
		{158CFBE6-4ACF-41AD-BD1D-923DD696FA2D}.Debug|Any CPU.ActiveCfg = Debug|Any CPU
		{158CFBE6-4ACF-41AD-BD1D-923DD696FA2D}.Debug|Any CPU.Build.0 = Debug|Any CPU
		{158CFBE6-4ACF-41AD-BD1D-923DD696FA2D}.Release|Any CPU.ActiveCfg = Release|Any CPU
		{158CFBE6-4ACF-41AD-BD1D-923DD696FA2D}.Release|Any CPU.Build.0 = Release|Any CPU
		{9326F23F-545F-4406-B744-BEB887DFB747}.Debug|Any CPU.ActiveCfg = Debug|Any CPU
		{9326F23F-545F-4406-B744-BEB887DFB747}.Debug|Any CPU.Build.0 = Debug|Any CPU
		{9326F23F-545F-4406-B744-BEB887DFB747}.Release|Any CPU.ActiveCfg = Release|Any CPU
		{9326F23F-545F-4406-B744-BEB887DFB747}.Release|Any CPU.Build.0 = Release|Any CPU
	EndGlobalSection
	GlobalSection(SolutionProperties) = preSolution
		HideSolutionNode = FALSE
	EndGlobalSection
	GlobalSection(ExtensibilityGlobals) = postSolution
		SolutionGuid = {962CD498-7B21-4283-870A-8A8998A0B44C}
	EndGlobalSection
EndGlobal
